
Microsoft Visual Studio Solution File, Format Version 12.00
# Visual Studio 14
VisualStudioVersion = 14.0.25420.1
MinimumVisualStudioVersion = 10.0.40219.1
Project("{FAE04EC0-301F-11D3-BF4B-00C04F79EFBC}") = "FinalWeb", "FinalWeb\FinalWeb.csproj", "{9B9C26E8-7135-4C89-BC7B-341759457789}"
EndProject
Project("{2150E333-8FDC-42A3-9474-1A3956D46DE8}") = "1. Presentacion", "1. Presentacion", "{65347D10-9B9E-4806-973B-FE28582A90CE}"
EndProject
Project("{2150E333-8FDC-42A3-9474-1A3956D46DE8}") = "2. Aplicacion", "2. Aplicacion", "{0DAF6F29-B72D-4750-A81E-BD88F0474768}"
EndProject
Project("{2150E333-8FDC-42A3-9474-1A3956D46DE8}") = "3. Dominio", "3. Dominio", "{5BB6D34E-5C03-4715-B4EC-35E0DAAAC6C4}"
EndProject
Project("{2150E333-8FDC-42A3-9474-1A3956D46DE8}") = "4. Infraestructura", "4. Infraestructura", "{5E43B8F5-9E68-4C37-8481-15F3D1BDDD3C}"
EndProject
Project("{2150E333-8FDC-42A3-9474-1A3956D46DE8}") = "4.1 Datos", "4.1 Datos", "{6B61D02C-FA6F-46CD-8B01-E9C108C7317F}"
EndProject
Project("{2150E333-8FDC-42A3-9474-1A3956D46DE8}") = "4.2 Transversal", "4.2 Transversal", "{C60E2754-3634-4446-AC0B-D41900596879}"
EndProject
Project("{FAE04EC0-301F-11D3-BF4B-00C04F79EFBC}") = "Aplicacion.Contratos", "Aplicacion.Contratos\Aplicacion.Contratos.csproj", "{7A59124F-8963-4252-8DD1-FA0D852F85D9}"
EndProject
Project("{FAE04EC0-301F-11D3-BF4B-00C04F79EFBC}") = "Aplicacion.Core", "Aplicacion.Core\Aplicacion.Core.csproj", "{A5180E13-06F3-45FA-BEFB-9A4FF93B40D2}"
EndProject
Project("{FAE04EC0-301F-11D3-BF4B-00C04F79EFBC}") = "Aplicacion.Implementacion", "Aplicacion.Implementacion\Aplicacion.Implementacion.csproj", "{6BFE891E-5308-47BA-82B7-5663FA482627}"
EndProject
Project("{FAE04EC0-301F-11D3-BF4B-00C04F79EFBC}") = "Dominio.Contratos", "Dominio.Contratos\Dominio.Contratos.csproj", "{5F1E47F2-D797-413F-84F2-1495A5CF226A}"
EndProject
Project("{FAE04EC0-301F-11D3-BF4B-00C04F79EFBC}") = "Dominio.Core", "Dominio.Core\Dominio.Core.csproj", "{36FD298C-FB93-4A6C-A067-D45B1133B433}"
EndProject
Project("{FAE04EC0-301F-11D3-BF4B-00C04F79EFBC}") = "Datos.Persistencia.Core", "Datos.Persistencia.Core\Datos.Persistencia.Core.csproj", "{109B36CF-C300-46D1-BCF2-5F2088D80A71}"
EndProject
Project("{FAE04EC0-301F-11D3-BF4B-00C04F79EFBC}") = "Datos.Persistencia.Repositorios", "Datos.Persistencia.Repositorios\Datos.Persistencia.Repositorios.csproj", "{5312FE96-1074-4F04-AE1E-BFA367F72ACE}"
EndProject
Project("{FAE04EC0-301F-11D3-BF4B-00C04F79EFBC}") = "Datos.Persistencia.Implementacion", "Datos.Persistencia.Implementacion\Datos.Persistencia.Implementacion.csproj", "{0BD36C35-293D-418B-ACAA-E59C476F7FD9}"
EndProject
Project("{FAE04EC0-301F-11D3-BF4B-00C04F79EFBC}") = "Utilitarios.IoC", "Utilitarios.IoC\Utilitarios.IoC.csproj", "{7FB7CF37-8AD4-44A4-AFC6-8965F6535737}"
EndProject
Global
	GlobalSection(SolutionConfigurationPlatforms) = preSolution
		Debug|Any CPU = Debug|Any CPU
		Release|Any CPU = Release|Any CPU
	EndGlobalSection
	GlobalSection(ProjectConfigurationPlatforms) = postSolution
		{9B9C26E8-7135-4C89-BC7B-341759457789}.Debug|Any CPU.ActiveCfg = Debug|Any CPU
		{9B9C26E8-7135-4C89-BC7B-341759457789}.Debug|Any CPU.Build.0 = Debug|Any CPU
		{9B9C26E8-7135-4C89-BC7B-341759457789}.Release|Any CPU.ActiveCfg = Release|Any CPU
		{9B9C26E8-7135-4C89-BC7B-341759457789}.Release|Any CPU.Build.0 = Release|Any CPU
		{7A59124F-8963-4252-8DD1-FA0D852F85D9}.Debug|Any CPU.ActiveCfg = Debug|Any CPU
		{7A59124F-8963-4252-8DD1-FA0D852F85D9}.Debug|Any CPU.Build.0 = Debug|Any CPU
		{7A59124F-8963-4252-8DD1-FA0D852F85D9}.Release|Any CPU.ActiveCfg = Release|Any CPU
		{7A59124F-8963-4252-8DD1-FA0D852F85D9}.Release|Any CPU.Build.0 = Release|Any CPU
		{A5180E13-06F3-45FA-BEFB-9A4FF93B40D2}.Debug|Any CPU.ActiveCfg = Debug|Any CPU
		{A5180E13-06F3-45FA-BEFB-9A4FF93B40D2}.Debug|Any CPU.Build.0 = Debug|Any CPU
		{A5180E13-06F3-45FA-BEFB-9A4FF93B40D2}.Release|Any CPU.ActiveCfg = Release|Any CPU
		{A5180E13-06F3-45FA-BEFB-9A4FF93B40D2}.Release|Any CPU.Build.0 = Release|Any CPU
		{6BFE891E-5308-47BA-82B7-5663FA482627}.Debug|Any CPU.ActiveCfg = Debug|Any CPU
		{6BFE891E-5308-47BA-82B7-5663FA482627}.Debug|Any CPU.Build.0 = Debug|Any CPU
		{6BFE891E-5308-47BA-82B7-5663FA482627}.Release|Any CPU.ActiveCfg = Release|Any CPU
		{6BFE891E-5308-47BA-82B7-5663FA482627}.Release|Any CPU.Build.0 = Release|Any CPU
		{5F1E47F2-D797-413F-84F2-1495A5CF226A}.Debug|Any CPU.ActiveCfg = Debug|Any CPU
		{5F1E47F2-D797-413F-84F2-1495A5CF226A}.Debug|Any CPU.Build.0 = Debug|Any CPU
		{5F1E47F2-D797-413F-84F2-1495A5CF226A}.Release|Any CPU.ActiveCfg = Release|Any CPU
		{5F1E47F2-D797-413F-84F2-1495A5CF226A}.Release|Any CPU.Build.0 = Release|Any CPU
		{36FD298C-FB93-4A6C-A067-D45B1133B433}.Debug|Any CPU.ActiveCfg = Debug|Any CPU
		{36FD298C-FB93-4A6C-A067-D45B1133B433}.Debug|Any CPU.Build.0 = Debug|Any CPU
		{36FD298C-FB93-4A6C-A067-D45B1133B433}.Release|Any CPU.ActiveCfg = Release|Any CPU
		{36FD298C-FB93-4A6C-A067-D45B1133B433}.Release|Any CPU.Build.0 = Release|Any CPU
		{109B36CF-C300-46D1-BCF2-5F2088D80A71}.Debug|Any CPU.ActiveCfg = Debug|Any CPU
		{109B36CF-C300-46D1-BCF2-5F2088D80A71}.Debug|Any CPU.Build.0 = Debug|Any CPU
		{109B36CF-C300-46D1-BCF2-5F2088D80A71}.Release|Any CPU.ActiveCfg = Release|Any CPU
		{109B36CF-C300-46D1-BCF2-5F2088D80A71}.Release|Any CPU.Build.0 = Release|Any CPU
		{5312FE96-1074-4F04-AE1E-BFA367F72ACE}.Debug|Any CPU.ActiveCfg = Debug|Any CPU
		{5312FE96-1074-4F04-AE1E-BFA367F72ACE}.Debug|Any CPU.Build.0 = Debug|Any CPU
		{5312FE96-1074-4F04-AE1E-BFA367F72ACE}.Release|Any CPU.ActiveCfg = Release|Any CPU
		{5312FE96-1074-4F04-AE1E-BFA367F72ACE}.Release|Any CPU.Build.0 = Release|Any CPU
		{0BD36C35-293D-418B-ACAA-E59C476F7FD9}.Debug|Any CPU.ActiveCfg = Debug|Any CPU
		{0BD36C35-293D-418B-ACAA-E59C476F7FD9}.Debug|Any CPU.Build.0 = Debug|Any CPU
		{0BD36C35-293D-418B-ACAA-E59C476F7FD9}.Release|Any CPU.ActiveCfg = Release|Any CPU
		{0BD36C35-293D-418B-ACAA-E59C476F7FD9}.Release|Any CPU.Build.0 = Release|Any CPU
		{7FB7CF37-8AD4-44A4-AFC6-8965F6535737}.Debug|Any CPU.ActiveCfg = Debug|Any CPU
		{7FB7CF37-8AD4-44A4-AFC6-8965F6535737}.Debug|Any CPU.Build.0 = Debug|Any CPU
		{7FB7CF37-8AD4-44A4-AFC6-8965F6535737}.Release|Any CPU.ActiveCfg = Release|Any CPU
		{7FB7CF37-8AD4-44A4-AFC6-8965F6535737}.Release|Any CPU.Build.0 = Release|Any CPU
	EndGlobalSection
	GlobalSection(SolutionProperties) = preSolution
		HideSolutionNode = FALSE
	EndGlobalSection
	GlobalSection(NestedProjects) = preSolution
		{9B9C26E8-7135-4C89-BC7B-341759457789} = {65347D10-9B9E-4806-973B-FE28582A90CE}
		{6B61D02C-FA6F-46CD-8B01-E9C108C7317F} = {5E43B8F5-9E68-4C37-8481-15F3D1BDDD3C}
		{C60E2754-3634-4446-AC0B-D41900596879} = {5E43B8F5-9E68-4C37-8481-15F3D1BDDD3C}
		{7A59124F-8963-4252-8DD1-FA0D852F85D9} = {0DAF6F29-B72D-4750-A81E-BD88F0474768}
		{A5180E13-06F3-45FA-BEFB-9A4FF93B40D2} = {0DAF6F29-B72D-4750-A81E-BD88F0474768}
		{6BFE891E-5308-47BA-82B7-5663FA482627} = {0DAF6F29-B72D-4750-A81E-BD88F0474768}
		{5F1E47F2-D797-413F-84F2-1495A5CF226A} = {5BB6D34E-5C03-4715-B4EC-35E0DAAAC6C4}
		{36FD298C-FB93-4A6C-A067-D45B1133B433} = {5BB6D34E-5C03-4715-B4EC-35E0DAAAC6C4}
		{109B36CF-C300-46D1-BCF2-5F2088D80A71} = {6B61D02C-FA6F-46CD-8B01-E9C108C7317F}
		{5312FE96-1074-4F04-AE1E-BFA367F72ACE} = {6B61D02C-FA6F-46CD-8B01-E9C108C7317F}
		{0BD36C35-293D-418B-ACAA-E59C476F7FD9} = {6B61D02C-FA6F-46CD-8B01-E9C108C7317F}
		{7FB7CF37-8AD4-44A4-AFC6-8965F6535737} = {C60E2754-3634-4446-AC0B-D41900596879}
	EndGlobalSection
EndGlobal
