
Microsoft Visual Studio Solution File, Format Version 12.00
# Visual Studio 15
VisualStudioVersion = 15.0.26430.14
MinimumVisualStudioVersion = 10.0.40219.1
Project("{2150E333-8FDC-42A3-9474-1A3956D46DE8}") = "1. Presentacion", "1. Presentacion", "{18A6F7EC-E0AC-4D3C-B750-CEA72CE9F64B}"
EndProject
Project("{2150E333-8FDC-42A3-9474-1A3956D46DE8}") = "2. Aplicacion", "2. Aplicacion", "{19DAE020-7331-4A3A-BB2F-44DF5D986142}"
EndProject
Project("{2150E333-8FDC-42A3-9474-1A3956D46DE8}") = "3. Dominio", "3. Dominio", "{037CAF8A-EBF6-441D-B877-50A7B0BC3BC3}"
EndProject
Project("{2150E333-8FDC-42A3-9474-1A3956D46DE8}") = "4. Infraestructura", "4. Infraestructura", "{522936C5-18F0-4A0B-93AC-9459446E60CA}"
EndProject
Project("{2150E333-8FDC-42A3-9474-1A3956D46DE8}") = "4.1 Datos", "4.1 Datos", "{33F9DADF-16B4-4D4B-B36D-243466CAB8BC}"
EndProject
Project("{2150E333-8FDC-42A3-9474-1A3956D46DE8}") = "4.2 Transversal", "4.2 Transversal", "{FC560F03-0E44-4B62-88B7-39E137F93ECC}"
EndProject
Project("{FAE04EC0-301F-11D3-BF4B-00C04F79EFBC}") = "Aplicacion.Contratos", "Aplicacion.Contratos\Aplicacion.Contratos.csproj", "{133F2F9E-2F93-4219-A531-365C93C99362}"
EndProject
Project("{FAE04EC0-301F-11D3-BF4B-00C04F79EFBC}") = "Aplicacion.Core", "Aplicacion.Core\Aplicacion.Core.csproj", "{FDF27687-41DD-43CD-88BE-295A9E104FB1}"
EndProject
Project("{FAE04EC0-301F-11D3-BF4B-00C04F79EFBC}") = "Aplicacion.Implementacion", "Aplicacion.Implementacion\Aplicacion.Implementacion.csproj", "{37175335-7DFF-4567-9846-444A594187E1}"
EndProject
Project("{FAE04EC0-301F-11D3-BF4B-00C04F79EFBC}") = "Dominio.Contratos", "Dominio.Contratos\Dominio.Contratos.csproj", "{20F63B1D-441F-424A-B67B-F7045AE4B39C}"
EndProject
Project("{FAE04EC0-301F-11D3-BF4B-00C04F79EFBC}") = "Dominio.Core", "Dominio.Core\Dominio.Core.csproj", "{4BCF66C4-BC1F-44DC-9056-2270C593EFF8}"
EndProject
Project("{FAE04EC0-301F-11D3-BF4B-00C04F79EFBC}") = "Datos.Persistencia.Core", "Datos.Persistencia.Core\Datos.Persistencia.Core.csproj", "{C24728D1-AB4E-4702-936E-29F0147D5016}"
EndProject
Project("{FAE04EC0-301F-11D3-BF4B-00C04F79EFBC}") = "Datos.Persistencia.Repositorios", "Datos.Persistencia.Repositorios\Datos.Persistencia.Repositorios.csproj", "{C4220DA6-6023-494F-B744-DF6EC711C756}"
EndProject
Project("{FAE04EC0-301F-11D3-BF4B-00C04F79EFBC}") = "Datos.Persistencia.Implementacion", "Datos.Persistencia.Implementacion\Datos.Persistencia.Implementacion.csproj", "{8B58A10F-6EEE-4872-81FB-9964DF90C639}"
EndProject
Project("{FAE04EC0-301F-11D3-BF4B-00C04F79EFBC}") = "Web", "Web\Web.csproj", "{F30265D8-9FC2-4507-AAFE-F469B848239F}"
EndProject
Project("{FAE04EC0-301F-11D3-BF4B-00C04F79EFBC}") = "Utilitarios.IoC", "Utilitarios.IoC\Utilitarios.IoC.csproj", "{510E6BCE-F604-43A6-90D0-62E85343084D}"
EndProject
Project("{FAE04EC0-301F-11D3-BF4B-00C04F79EFBC}") = "ServicioRest", "ServicioRest\ServicioRest.csproj", "{53914390-BCDA-43A0-B6C0-342265487F9F}"
EndProject
Global
	GlobalSection(SolutionConfigurationPlatforms) = preSolution
		Debug|Any CPU = Debug|Any CPU
		Release|Any CPU = Release|Any CPU
	EndGlobalSection
	GlobalSection(ProjectConfigurationPlatforms) = postSolution
		{133F2F9E-2F93-4219-A531-365C93C99362}.Debug|Any CPU.ActiveCfg = Debug|Any CPU
		{133F2F9E-2F93-4219-A531-365C93C99362}.Debug|Any CPU.Build.0 = Debug|Any CPU
		{133F2F9E-2F93-4219-A531-365C93C99362}.Release|Any CPU.ActiveCfg = Release|Any CPU
		{133F2F9E-2F93-4219-A531-365C93C99362}.Release|Any CPU.Build.0 = Release|Any CPU
		{FDF27687-41DD-43CD-88BE-295A9E104FB1}.Debug|Any CPU.ActiveCfg = Debug|Any CPU
		{FDF27687-41DD-43CD-88BE-295A9E104FB1}.Debug|Any CPU.Build.0 = Debug|Any CPU
		{FDF27687-41DD-43CD-88BE-295A9E104FB1}.Release|Any CPU.ActiveCfg = Release|Any CPU
		{FDF27687-41DD-43CD-88BE-295A9E104FB1}.Release|Any CPU.Build.0 = Release|Any CPU
		{37175335-7DFF-4567-9846-444A594187E1}.Debug|Any CPU.ActiveCfg = Debug|Any CPU
		{37175335-7DFF-4567-9846-444A594187E1}.Debug|Any CPU.Build.0 = Debug|Any CPU
		{37175335-7DFF-4567-9846-444A594187E1}.Release|Any CPU.ActiveCfg = Release|Any CPU
		{37175335-7DFF-4567-9846-444A594187E1}.Release|Any CPU.Build.0 = Release|Any CPU
		{20F63B1D-441F-424A-B67B-F7045AE4B39C}.Debug|Any CPU.ActiveCfg = Debug|Any CPU
		{20F63B1D-441F-424A-B67B-F7045AE4B39C}.Debug|Any CPU.Build.0 = Debug|Any CPU
		{20F63B1D-441F-424A-B67B-F7045AE4B39C}.Release|Any CPU.ActiveCfg = Release|Any CPU
		{20F63B1D-441F-424A-B67B-F7045AE4B39C}.Release|Any CPU.Build.0 = Release|Any CPU
		{4BCF66C4-BC1F-44DC-9056-2270C593EFF8}.Debug|Any CPU.ActiveCfg = Debug|Any CPU
		{4BCF66C4-BC1F-44DC-9056-2270C593EFF8}.Debug|Any CPU.Build.0 = Debug|Any CPU
		{4BCF66C4-BC1F-44DC-9056-2270C593EFF8}.Release|Any CPU.ActiveCfg = Release|Any CPU
		{4BCF66C4-BC1F-44DC-9056-2270C593EFF8}.Release|Any CPU.Build.0 = Release|Any CPU
		{C24728D1-AB4E-4702-936E-29F0147D5016}.Debug|Any CPU.ActiveCfg = Debug|Any CPU
		{C24728D1-AB4E-4702-936E-29F0147D5016}.Debug|Any CPU.Build.0 = Debug|Any CPU
		{C24728D1-AB4E-4702-936E-29F0147D5016}.Release|Any CPU.ActiveCfg = Release|Any CPU
		{C24728D1-AB4E-4702-936E-29F0147D5016}.Release|Any CPU.Build.0 = Release|Any CPU
		{C4220DA6-6023-494F-B744-DF6EC711C756}.Debug|Any CPU.ActiveCfg = Debug|Any CPU
		{C4220DA6-6023-494F-B744-DF6EC711C756}.Debug|Any CPU.Build.0 = Debug|Any CPU
		{C4220DA6-6023-494F-B744-DF6EC711C756}.Release|Any CPU.ActiveCfg = Release|Any CPU
		{C4220DA6-6023-494F-B744-DF6EC711C756}.Release|Any CPU.Build.0 = Release|Any CPU
		{8B58A10F-6EEE-4872-81FB-9964DF90C639}.Debug|Any CPU.ActiveCfg = Debug|Any CPU
		{8B58A10F-6EEE-4872-81FB-9964DF90C639}.Debug|Any CPU.Build.0 = Debug|Any CPU
		{8B58A10F-6EEE-4872-81FB-9964DF90C639}.Release|Any CPU.ActiveCfg = Release|Any CPU
		{8B58A10F-6EEE-4872-81FB-9964DF90C639}.Release|Any CPU.Build.0 = Release|Any CPU
		{F30265D8-9FC2-4507-AAFE-F469B848239F}.Debug|Any CPU.ActiveCfg = Debug|Any CPU
		{F30265D8-9FC2-4507-AAFE-F469B848239F}.Debug|Any CPU.Build.0 = Debug|Any CPU
		{F30265D8-9FC2-4507-AAFE-F469B848239F}.Release|Any CPU.ActiveCfg = Release|Any CPU
		{F30265D8-9FC2-4507-AAFE-F469B848239F}.Release|Any CPU.Build.0 = Release|Any CPU
		{510E6BCE-F604-43A6-90D0-62E85343084D}.Debug|Any CPU.ActiveCfg = Debug|Any CPU
		{510E6BCE-F604-43A6-90D0-62E85343084D}.Debug|Any CPU.Build.0 = Debug|Any CPU
		{510E6BCE-F604-43A6-90D0-62E85343084D}.Release|Any CPU.ActiveCfg = Release|Any CPU
		{510E6BCE-F604-43A6-90D0-62E85343084D}.Release|Any CPU.Build.0 = Release|Any CPU
		{53914390-BCDA-43A0-B6C0-342265487F9F}.Debug|Any CPU.ActiveCfg = Debug|Any CPU
		{53914390-BCDA-43A0-B6C0-342265487F9F}.Debug|Any CPU.Build.0 = Debug|Any CPU
		{53914390-BCDA-43A0-B6C0-342265487F9F}.Release|Any CPU.ActiveCfg = Release|Any CPU
		{53914390-BCDA-43A0-B6C0-342265487F9F}.Release|Any CPU.Build.0 = Release|Any CPU
	EndGlobalSection
	GlobalSection(SolutionProperties) = preSolution
		HideSolutionNode = FALSE
	EndGlobalSection
	GlobalSection(NestedProjects) = preSolution
		{33F9DADF-16B4-4D4B-B36D-243466CAB8BC} = {522936C5-18F0-4A0B-93AC-9459446E60CA}
		{FC560F03-0E44-4B62-88B7-39E137F93ECC} = {522936C5-18F0-4A0B-93AC-9459446E60CA}
		{133F2F9E-2F93-4219-A531-365C93C99362} = {19DAE020-7331-4A3A-BB2F-44DF5D986142}
		{FDF27687-41DD-43CD-88BE-295A9E104FB1} = {19DAE020-7331-4A3A-BB2F-44DF5D986142}
		{37175335-7DFF-4567-9846-444A594187E1} = {19DAE020-7331-4A3A-BB2F-44DF5D986142}
		{20F63B1D-441F-424A-B67B-F7045AE4B39C} = {037CAF8A-EBF6-441D-B877-50A7B0BC3BC3}
		{4BCF66C4-BC1F-44DC-9056-2270C593EFF8} = {037CAF8A-EBF6-441D-B877-50A7B0BC3BC3}
		{C24728D1-AB4E-4702-936E-29F0147D5016} = {33F9DADF-16B4-4D4B-B36D-243466CAB8BC}
		{C4220DA6-6023-494F-B744-DF6EC711C756} = {33F9DADF-16B4-4D4B-B36D-243466CAB8BC}
		{8B58A10F-6EEE-4872-81FB-9964DF90C639} = {33F9DADF-16B4-4D4B-B36D-243466CAB8BC}
		{F30265D8-9FC2-4507-AAFE-F469B848239F} = {18A6F7EC-E0AC-4D3C-B750-CEA72CE9F64B}
		{510E6BCE-F604-43A6-90D0-62E85343084D} = {FC560F03-0E44-4B62-88B7-39E137F93ECC}
		{53914390-BCDA-43A0-B6C0-342265487F9F} = {18A6F7EC-E0AC-4D3C-B750-CEA72CE9F64B}
	EndGlobalSection
EndGlobal
